{
  "name": "backend",
  "version": "1.0.0",
  "lockfileVersion": 3,
  "requires": true,
  "packages": {
    "": {
      "name": "backend",
      "version": "1.0.0",
      "license": "ISC",
      "dependencies": {
        "ootk": "^5.1.0"
      }
    },
    "node_modules/ootk": {
      "version": "5.1.0",
      "resolved": "https://registry.npmjs.org/ootk/-/ootk-5.1.0.tgz",
      "integrity": "sha512-1M3zNDyuRplFV+Czn9yAWyCTrx/o4wssiyj21MqsQCMfIjv0rQK20NWb9d8tYWcqfRoKw92KY4HIl9YQBESmJQ==",
      "license": "APGL-3.0"
    }
  }
}
